// !$*UTF8*$!
{
	archiveVersion = 1;
	classes = {
	};
	objectVersion = 46;
	objects = {

/* Begin PBXBuildFile section */
		F8074E991C85D884009A812F /* GrilViewController.swift in Sources */ = {isa = PBXBuildFile; fileRef = F8074E981C85D884009A812F /* GrilViewController.swift */; };
		F82FB51C1C867EF20096E0A6 /* ShowStarVC.swift in Sources */ = {isa = PBXBuildFile; fileRef = F82FB51B1C867EF20096E0A6 /* ShowStarVC.swift */; };
		F85A3DA01C97AD0200EA9D04 /* 1.jpg in Resources */ = {isa = PBXBuildFile; fileRef = F85A3D8D1C97AD0200EA9D04 /* 1.jpg */; };
		F85A3DA11C97AD0200EA9D04 /* 10.jpg in Resources */ = {isa = PBXBuildFile; fileRef = F85A3D8E1C97AD0200EA9D04 /* 10.jpg */; };
		F85A3DA21C97AD0200EA9D04 /* 11.jpg in Resources */ = {isa = PBXBuildFile; fileRef = F85A3D8F1C97AD0200EA9D04 /* 11.jpg */; };
		F85A3DA31C97AD0200EA9D04 /* 12.jpg in Resources */ = {isa = PBXBuildFile; fileRef = F85A3D901C97AD0200EA9D04 /* 12.jpg */; };
		F85A3DA41C97AD0200EA9D04 /* 2.jpg in Resources */ = {isa = PBXBuildFile; fileRef = F85A3D911C97AD0200EA9D04 /* 2.jpg */; };
		F85A3DA51C97AD0200EA9D04 /* 3.jpg in Resources */ = {isa = PBXBuildFile; fileRef = F85A3D921C97AD0200EA9D04 /* 3.jpg */; };
		F85A3DA61C97AD0200EA9D04 /* 4.jpg in Resources */ = {isa = PBXBuildFile; fileRef = F85A3D931C97AD0200EA9D04 /* 4.jpg */; };
		F85A3DA71C97AD0200EA9D04 /* 5.jpg in Resources */ = {isa = PBXBuildFile; fileRef = F85A3D941C97AD0200EA9D04 /* 5.jpg */; };
		F85A3DA81C97AD0200EA9D04 /* 6.jpg in Resources */ = {isa = PBXBuildFile; fileRef = F85A3D951C97AD0200EA9D04 /* 6.jpg */; };
		F85A3DA91C97AD0200EA9D04 /* 7.jpg in Resources */ = {isa = PBXBuildFile; fileRef = F85A3D961C97AD0200EA9D04 /* 7.jpg */; };
		F85A3DAA1C97AD0200EA9D04 /* 8.jpg in Resources */ = {isa = PBXBuildFile; fileRef = F85A3D971C97AD0200EA9D04 /* 8.jpg */; };
		F85A3DAB1C97AD0200EA9D04 /* 9.jpg in Resources */ = {isa = PBXBuildFile; fileRef = F85A3D981C97AD0200EA9D04 /* 9.jpg */; };
		F85A3DAC1C97AD0200EA9D04 /* 950XL.jpg in Resources */ = {isa = PBXBuildFile; fileRef = F85A3D991C97AD0200EA9D04 /* 950XL.jpg */; };
		F85A3DAD1C97AD0200EA9D04 /* backgroup.png in Resources */ = {isa = PBXBuildFile; fileRef = F85A3D9A1C97AD0200EA9D04 /* backgroup.png */; };
		F85A3DAE1C97AD0200EA9D04 /* japanese.jpg in Resources */ = {isa = PBXBuildFile; fileRef = F85A3D9B1C97AD0200EA9D04 /* japanese.jpg */; };
		F85A3DAF1C97AD0200EA9D04 /* jay.jpg in Resources */ = {isa = PBXBuildFile; fileRef = F85A3D9C1C97AD0200EA9D04 /* jay.jpg */; };
		F85A3DB01C97AD0200EA9D04 /* jay2.jpg in Resources */ = {isa = PBXBuildFile; fileRef = F85A3D9D1C97AD0200EA9D04 /* jay2.jpg */; };
		F85A3DB11C97AD0200EA9D04 /* korean.jpg in Resources */ = {isa = PBXBuildFile; fileRef = F85A3D9E1C97AD0200EA9D04 /* korean.jpg */; };
		F85A3DB21C97AD0200EA9D04 /* surface.jpg in Resources */ = {isa = PBXBuildFile; fileRef = F85A3D9F1C97AD0200EA9D04 /* surface.jpg */; };
		F85A3DBA1C97ADDC00EA9D04 /* Facebook.png in Resources */ = {isa = PBXBuildFile; fileRef = F85A3DB41C97ADDC00EA9D04 /* Facebook.png */; };
		F85A3DBB1C97ADDC00EA9D04 /* Facebook@2x.png in Resources */ = {isa = PBXBuildFile; fileRef = F85A3DB51C97ADDC00EA9D04 /* Facebook@2x.png */; };
		F85A3DBC1C97ADDC00EA9D04 /* Twitter.png in Resources */ = {isa = PBXBuildFile; fileRef = F85A3DB61C97ADDC00EA9D04 /* Twitter.png */; };
		F85A3DBD1C97ADDC00EA9D04 /* Twitter@2x.png in Resources */ = {isa = PBXBuildFile; fileRef = F85A3DB71C97ADDC00EA9D04 /* Twitter@2x.png */; };
		F85A3DBE1C97ADDC00EA9D04 /* Weibo.png in Resources */ = {isa = PBXBuildFile; fileRef = F85A3DB81C97ADDC00EA9D04 /* Weibo.png */; };
		F85A3DBF1C97ADDC00EA9D04 /* Weibo@2x.png in Resources */ = {isa = PBXBuildFile; fileRef = F85A3DB91C97ADDC00EA9D04 /* Weibo@2x.png */; };
		F85CB5941C97CF9100B593DA /* KoreanViewController.swift in Sources */ = {isa = PBXBuildFile; fileRef = F85CB5931C97CF9100B593DA /* KoreanViewController.swift */; };
		F86DB6E51C7D7AA100235BFE /* FirstBloodTests.swift in Sources */ = {isa = PBXBuildFile; fileRef = F86DB6E41C7D7AA100235BFE /* FirstBloodTests.swift */; };
		F86DB6F01C7D7AA100235BFE /* FirstBloodUITests.swift in Sources */ = {isa = PBXBuildFile; fileRef = F86DB6EF1C7D7AA100235BFE /* FirstBloodUITests.swift */; };
		F86F5ECF1C9BCD5E00473A3E /* TodoDetailViewController.swift in Sources */ = {isa = PBXBuildFile; fileRef = F86F5ECE1C9BCD5E00473A3E /* TodoDetailViewController.swift */; };
		F8739D561C8045A900C4644E /* AppDelegate.swift in Sources */ = {isa = PBXBuildFile; fileRef = F8739D4D1C8045A900C4644E /* AppDelegate.swift */; };
		F8739D571C8045A900C4644E /* Assets.xcassets in Resources */ = {isa = PBXBuildFile; fileRef = F8739D4E1C8045A900C4644E /* Assets.xcassets */; };
		F8739D581C8045A900C4644E /* LaunchScreen.storyboard in Resources */ = {isa = PBXBuildFile; fileRef = F8739D4F1C8045A900C4644E /* LaunchScreen.storyboard */; };
		F8739D591C8045A900C4644E /* Main.storyboard in Resources */ = {isa = PBXBuildFile; fileRef = F8739D511C8045A900C4644E /* Main.storyboard */; };
		F8739D5A1C8045A900C4644E /* Info.plist in Resources */ = {isa = PBXBuildFile; fileRef = F8739D531C8045A900C4644E /* Info.plist */; };
		F8739D5B1C8045A900C4644E /* ViewController.swift in Sources */ = {isa = PBXBuildFile; fileRef = F8739D541C8045A900C4644E /* ViewController.swift */; };
		F87BE4EA1C9A809000F84CA1 /* TodoModel.swift in Sources */ = {isa = PBXBuildFile; fileRef = F87BE4E91C9A809000F84CA1 /* TodoModel.swift */; };
		F87BE4EC1C9A828E00F84CA1 /* TodoViewController.swift in Sources */ = {isa = PBXBuildFile; fileRef = F87BE4EB1C9A828E00F84CA1 /* TodoViewController.swift */; };
		F8A8E3251CA27DF500CD5E4F /* PositionViewController.swift in Sources */ = {isa = PBXBuildFile; fileRef = F8A8E3241CA27DF500CD5E4F /* PositionViewController.swift */; };
		F8B4432C1C854AE1001BBC38 /* FindLoverVC.swift in Sources */ = {isa = PBXBuildFile; fileRef = F8B4432B1C854AE1001BBC38 /* FindLoverVC.swift */; };
		F8C1151B1C8721A700B46535 /* great_wall.png in Resources */ = {isa = PBXBuildFile; fileRef = F8C115181C8721A700B46535 /* great_wall.png */; };
		F8C1151C1C8721A700B46535 /* origami.png in Resources */ = {isa = PBXBuildFile; fileRef = F8C115191C8721A700B46535 /* origami.png */; };
		F8C1151D1C8721A700B46535 /* torii.png in Resources */ = {isa = PBXBuildFile; fileRef = F8C1151A1C8721A700B46535 /* torii.png */; };
		F8C601F61C85E73300D4D55C /* GrilVCExtension.swift in Sources */ = {isa = PBXBuildFile; fileRef = F8C601F51C85E73300D4D55C /* GrilVCExtension.swift */; };
		F8F201FC1CACAB6500073AF2 /* OpacityViewController.swift in Sources */ = {isa = PBXBuildFile; fileRef = F8F201FB1CACAB6500073AF2 /* OpacityViewController.swift */; };
		F8FD3FDA1CACDFE300FF086E /* ScaleViewController.swift in Sources */ = {isa = PBXBuildFile; fileRef = F8FD3FD91CACDFE300FF086E /* ScaleViewController.swift */; };
/* End PBXBuildFile section */

/* Begin PBXContainerItemProxy section */
		F86DB6E11C7D7AA100235BFE /* PBXContainerItemProxy */ = {
			isa = PBXContainerItemProxy;
			containerPortal = F86DB6C41C7D7AA100235BFE /* Project object */;
			proxyType = 1;
			remoteGlobalIDString = F86DB6CB1C7D7AA100235BFE;
			remoteInfo = FirstBlood;
		};
		F86DB6EC1C7D7AA100235BFE /* PBXContainerItemProxy */ = {
			isa = PBXContainerItemProxy;
			containerPortal = F86DB6C41C7D7AA100235BFE /* Project object */;
			proxyType = 1;
			remoteGlobalIDString = F86DB6CB1C7D7AA100235BFE;
			remoteInfo = FirstBlood;
		};
/* End PBXContainerItemProxy section */

/* Begin PBXFileReference section */
		F8074E981C85D884009A812F /* GrilViewController.swift */ = {isa = PBXFileReference; fileEncoding = 4; lastKnownFileType = sourcecode.swift; path = GrilViewController.swift; sourceTree = "<group>"; };
		F82FB51B1C867EF20096E0A6 /* ShowStarVC.swift */ = {isa = PBXFileReference; fileEncoding = 4; lastKnownFileType = sourcecode.swift; path = ShowStarVC.swift; sourceTree = "<group>"; };
		F85A3D8D1C97AD0200EA9D04 /* 1.jpg */ = {isa = PBXFileReference; lastKnownFileType = image.jpeg; path = 1.jpg; sourceTree = "<group>"; };
		F85A3D8E1C97AD0200EA9D04 /* 10.jpg */ = {isa = PBXFileReference; lastKnownFileType = image.jpeg; path = 10.jpg; sourceTree = "<group>"; };
		F85A3D8F1C97AD0200EA9D04 /* 11.jpg */ = {isa = PBXFileReference; lastKnownFileType = image.jpeg; path = 11.jpg; sourceTree = "<group>"; };
		F85A3D901C97AD0200EA9D04 /* 12.jpg */ = {isa = PBXFileReference; lastKnownFileType = image.jpeg; path = 12.jpg; sourceTree = "<group>"; };
		F85A3D911C97AD0200EA9D04 /* 2.jpg */ = {isa = PBXFileReference; lastKnownFileType = image.jpeg; path = 2.jpg; sourceTree = "<group>"; };
		F85A3D921C97AD0200EA9D04 /* 3.jpg */ = {isa = PBXFileReference; lastKnownFileType = image.jpeg; path = 3.jpg; sourceTree = "<group>"; };
		F85A3D931C97AD0200EA9D04 /* 4.jpg */ = {isa = PBXFileReference; lastKnownFileType = image.jpeg; path = 4.jpg; sourceTree = "<group>"; };
		F85A3D941C97AD0200EA9D04 /* 5.jpg */ = {isa = PBXFileReference; lastKnownFileType = image.jpeg; path = 5.jpg; sourceTree = "<group>"; };
		F85A3D951C97AD0200EA9D04 /* 6.jpg */ = {isa = PBXFileReference; lastKnownFileType = image.jpeg; path = 6.jpg; sourceTree = "<group>"; };
		F85A3D961C97AD0200EA9D04 /* 7.jpg */ = {isa = PBXFileReference; lastKnownFileType = image.jpeg; path = 7.jpg; sourceTree = "<group>"; };
		F85A3D971C97AD0200EA9D04 /* 8.jpg */ = {isa = PBXFileReference; lastKnownFileType = image.jpeg; path = 8.jpg; sourceTree = "<group>"; };
		F85A3D981C97AD0200EA9D04 /* 9.jpg */ = {isa = PBXFileReference; lastKnownFileType = image.jpeg; path = 9.jpg; sourceTree = "<group>"; };
		F85A3D991C97AD0200EA9D04 /* 950XL.jpg */ = {isa = PBXFileReference; lastKnownFileType = image.jpeg; path = 950XL.jpg; sourceTree = "<group>"; };
		F85A3D9A1C97AD0200EA9D04 /* backgroup.png */ = {isa = PBXFileReference; lastKnownFileType = image.png; path = backgroup.png; sourceTree = "<group>"; };
		F85A3D9B1C97AD0200EA9D04 /* japanese.jpg */ = {isa = PBXFileReference; lastKnownFileType = image.jpeg; path = japanese.jpg; sourceTree = "<group>"; };
		F85A3D9C1C97AD0200EA9D04 /* jay.jpg */ = {isa = PBXFileReference; lastKnownFileType = image.jpeg; path = jay.jpg; sourceTree = "<group>"; };
		F85A3D9D1C97AD0200EA9D04 /* jay2.jpg */ = {isa = PBXFileReference; lastKnownFileType = image.jpeg; path = jay2.jpg; sourceTree = "<group>"; };
		F85A3D9E1C97AD0200EA9D04 /* korean.jpg */ = {isa = PBXFileReference; lastKnownFileType = image.jpeg; path = korean.jpg; sourceTree = "<group>"; };
		F85A3D9F1C97AD0200EA9D04 /* surface.jpg */ = {isa = PBXFileReference; lastKnownFileType = image.jpeg; path = surface.jpg; sourceTree = "<group>"; };
		F85A3DB41C97ADDC00EA9D04 /* Facebook.png */ = {isa = PBXFileReference; lastKnownFileType = image.png; path = Facebook.png; sourceTree = "<group>"; };
		F85A3DB51C97ADDC00EA9D04 /* Facebook@2x.png */ = {isa = PBXFileReference; lastKnownFileType = image.png; path = "Facebook@2x.png"; sourceTree = "<group>"; };
		F85A3DB61C97ADDC00EA9D04 /* Twitter.png */ = {isa = PBXFileReference; lastKnownFileType = image.png; path = Twitter.png; sourceTree = "<group>"; };
		F85A3DB71C97ADDC00EA9D04 /* Twitter@2x.png */ = {isa = PBXFileReference; lastKnownFileType = image.png; path = "Twitter@2x.png"; sourceTree = "<group>"; };
		F85A3DB81C97ADDC00EA9D04 /* Weibo.png */ = {isa = PBXFileReference; lastKnownFileType = image.png; path = Weibo.png; sourceTree = "<group>"; };
		F85A3DB91C97ADDC00EA9D04 /* Weibo@2x.png */ = {isa = PBXFileReference; lastKnownFileType = image.png; path = "Weibo@2x.png"; sourceTree = "<group>"; };
		F85CB5931C97CF9100B593DA /* KoreanViewController.swift */ = {isa = PBXFileReference; fileEncoding = 4; lastKnownFileType = sourcecode.swift; name = KoreanViewController.swift; path = ../KoreanViewController.swift; sourceTree = "<group>"; };
		F86DB6CC1C7D7AA100235BFE /* 订单汇.app */ = {isa = PBXFileReference; explicitFileType = wrapper.application; includeInIndex = 0; path = "订单汇.app"; sourceTree = BUILT_PRODUCTS_DIR; };
		F86DB6E01C7D7AA100235BFE /* FirstBloodTests.xctest */ = {isa = PBXFileReference; explicitFileType = wrapper.cfbundle; includeInIndex = 0; path = FirstBloodTests.xctest; sourceTree = BUILT_PRODUCTS_DIR; };
		F86DB6E41C7D7AA100235BFE /* FirstBloodTests.swift */ = {isa = PBXFileReference; lastKnownFileType = sourcecode.swift; path = FirstBloodTests.swift; sourceTree = "<group>"; };
		F86DB6E61C7D7AA100235BFE /* Info.plist */ = {isa = PBXFileReference; lastKnownFileType = text.plist.xml; path = Info.plist; sourceTree = "<group>"; };
		F86DB6EB1C7D7AA100235BFE /* FirstBloodUITests.xctest */ = {isa = PBXFileReference; explicitFileType = wrapper.cfbundle; includeInIndex = 0; path = FirstBloodUITests.xctest; sourceTree = BUILT_PRODUCTS_DIR; };
		F86DB6EF1C7D7AA100235BFE /* FirstBloodUITests.swift */ = {isa = PBXFileReference; lastKnownFileType = sourcecode.swift; path = FirstBloodUITests.swift; sourceTree = "<group>"; };
		F86DB6F11C7D7AA100235BFE /* Info.plist */ = {isa = PBXFileReference; lastKnownFileType = text.plist.xml; path = Info.plist; sourceTree = "<group>"; };
		F86F5ECE1C9BCD5E00473A3E /* TodoDetailViewController.swift */ = {isa = PBXFileReference; fileEncoding = 4; lastKnownFileType = sourcecode.swift; path = TodoDetailViewController.swift; sourceTree = "<group>"; };
		F8739D4D1C8045A900C4644E /* AppDelegate.swift */ = {isa = PBXFileReference; fileEncoding = 4; lastKnownFileType = sourcecode.swift; path = AppDelegate.swift; sourceTree = "<group>"; };
		F8739D4E1C8045A900C4644E /* Assets.xcassets */ = {isa = PBXFileReference; lastKnownFileType = folder.assetcatalog; path = Assets.xcassets; sourceTree = "<group>"; };
		F8739D501C8045A900C4644E /* Base */ = {isa = PBXFileReference; lastKnownFileType = file.storyboard; name = Base; path = Base.lproj/LaunchScreen.storyboard; sourceTree = "<group>"; };
		F8739D521C8045A900C4644E /* Base */ = {isa = PBXFileReference; lastKnownFileType = file.storyboard; name = Base; path = Base.lproj/Main.storyboard; sourceTree = "<group>"; };
		F8739D531C8045A900C4644E /* Info.plist */ = {isa = PBXFileReference; fileEncoding = 4; lastKnownFileType = text.plist.xml; path = Info.plist; sourceTree = "<group>"; };
		F8739D541C8045A900C4644E /* ViewController.swift */ = {isa = PBXFileReference; fileEncoding = 4; lastKnownFileType = sourcecode.swift; path = ViewController.swift; sourceTree = "<group>"; };
		F87BE4E91C9A809000F84CA1 /* TodoModel.swift */ = {isa = PBXFileReference; fileEncoding = 4; lastKnownFileType = sourcecode.swift; path = TodoModel.swift; sourceTree = "<group>"; };
		F87BE4EB1C9A828E00F84CA1 /* TodoViewController.swift */ = {isa = PBXFileReference; fileEncoding = 4; lastKnownFileType = sourcecode.swift; path = TodoViewController.swift; sourceTree = "<group>"; };
		F8A8E3241CA27DF500CD5E4F /* PositionViewController.swift */ = {isa = PBXFileReference; fileEncoding = 4; lastKnownFileType = sourcecode.swift; path = PositionViewController.swift; sourceTree = "<group>"; };
		F8B4432B1C854AE1001BBC38 /* FindLoverVC.swift */ = {isa = PBXFileReference; fileEncoding = 4; lastKnownFileType = sourcecode.swift; path = FindLoverVC.swift; sourceTree = "<group>"; };
		F8C115181C8721A700B46535 /* great_wall.png */ = {isa = PBXFileReference; lastKnownFileType = image.png; path = great_wall.png; sourceTree = "<group>"; };
		F8C115191C8721A700B46535 /* origami.png */ = {isa = PBXFileReference; lastKnownFileType = image.png; path = origami.png; sourceTree = "<group>"; };
		F8C1151A1C8721A700B46535 /* torii.png */ = {isa = PBXFileReference; lastKnownFileType = image.png; path = torii.png; sourceTree = "<group>"; };
		F8C601F51C85E73300D4D55C /* GrilVCExtension.swift */ = {isa = PBXFileReference; fileEncoding = 4; lastKnownFileType = sourcecode.swift; path = GrilVCExtension.swift; sourceTree = "<group>"; };
		F8F201FB1CACAB6500073AF2 /* OpacityViewController.swift */ = {isa = PBXFileReference; fileEncoding = 4; lastKnownFileType = sourcecode.swift; path = OpacityViewController.swift; sourceTree = "<group>"; };
		F8F76CC11C82746B0057F4A4 /* MyPlayground.playground */ = {isa = PBXFileReference; lastKnownFileType = file.playground; path = MyPlayground.playground; sourceTree = "<group>"; };
		F8FD3FD91CACDFE300FF086E /* ScaleViewController.swift */ = {isa = PBXFileReference; fileEncoding = 4; lastKnownFileType = sourcecode.swift; path = ScaleViewController.swift; sourceTree = "<group>"; };
/* End PBXFileReference section */

/* Begin PBXFrameworksBuildPhase section */
		F86DB6C91C7D7AA100235BFE /* Frameworks */ = {
			isa = PBXFrameworksBuildPhase;
			buildActionMask = 2147483647;
			files = (
			);
			runOnlyForDeploymentPostprocessing = 0;
		};
		F86DB6DD1C7D7AA100235BFE /* Frameworks */ = {
			isa = PBXFrameworksBuildPhase;
			buildActionMask = 2147483647;
			files = (
			);
			runOnlyForDeploymentPostprocessing = 0;
		};
		F86DB6E81C7D7AA100235BFE /* Frameworks */ = {
			isa = PBXFrameworksBuildPhase;
			buildActionMask = 2147483647;
			files = (
			);
			runOnlyForDeploymentPostprocessing = 0;
		};
/* End PBXFrameworksBuildPhase section */

/* Begin PBXGroup section */
		F85A3D8C1C97AD0200EA9D04 /* jpg */ = {
			isa = PBXGroup;
			children = (
				F85A3D8D1C97AD0200EA9D04 /* 1.jpg */,
				F85A3D8E1C97AD0200EA9D04 /* 10.jpg */,
				F85A3D8F1C97AD0200EA9D04 /* 11.jpg */,
				F85A3D901C97AD0200EA9D04 /* 12.jpg */,
				F85A3D911C97AD0200EA9D04 /* 2.jpg */,
				F85A3D921C97AD0200EA9D04 /* 3.jpg */,
				F85A3D931C97AD0200EA9D04 /* 4.jpg */,
				F85A3D941C97AD0200EA9D04 /* 5.jpg */,
				F85A3D951C97AD0200EA9D04 /* 6.jpg */,
				F85A3D961C97AD0200EA9D04 /* 7.jpg */,
				F85A3D971C97AD0200EA9D04 /* 8.jpg */,
				F85A3D981C97AD0200EA9D04 /* 9.jpg */,
				F85A3D991C97AD0200EA9D04 /* 950XL.jpg */,
				F85A3D9A1C97AD0200EA9D04 /* backgroup.png */,
				F85A3D9B1C97AD0200EA9D04 /* japanese.jpg */,
				F85A3D9C1C97AD0200EA9D04 /* jay.jpg */,
				F85A3D9D1C97AD0200EA9D04 /* jay2.jpg */,
				F85A3D9E1C97AD0200EA9D04 /* korean.jpg */,
				F85A3D9F1C97AD0200EA9D04 /* surface.jpg */,
			);
			path = jpg;
			sourceTree = "<group>";
		};
		F85A3DB31C97ADDC00EA9D04 /* icons */ = {
			isa = PBXGroup;
			children = (
				F85A3DB41C97ADDC00EA9D04 /* Facebook.png */,
				F85A3DB51C97ADDC00EA9D04 /* Facebook@2x.png */,
				F85A3DB61C97ADDC00EA9D04 /* Twitter.png */,
				F85A3DB71C97ADDC00EA9D04 /* Twitter@2x.png */,
				F85A3DB81C97ADDC00EA9D04 /* Weibo.png */,
				F85A3DB91C97ADDC00EA9D04 /* Weibo@2x.png */,
			);
			path = icons;
			sourceTree = "<group>";
		};
		F86DB6C31C7D7AA100235BFE = {
			isa = PBXGroup;
			children = (
				F8739D4B1C8045A900C4644E /* FirstBlood */,
				F86DB6E31C7D7AA100235BFE /* FirstBloodTests */,
				F86DB6EE1C7D7AA100235BFE /* FirstBloodUITests */,
				F86DB6CD1C7D7AA100235BFE /* Products */,
			);
			sourceTree = "<group>";
		};
		F86DB6CD1C7D7AA100235BFE /* Products */ = {
			isa = PBXGroup;
			children = (
				F86DB6CC1C7D7AA100235BFE /* 订单汇.app */,
				F86DB6E01C7D7AA100235BFE /* FirstBloodTests.xctest */,
				F86DB6EB1C7D7AA100235BFE /* FirstBloodUITests.xctest */,
			);
			name = Products;
			sourceTree = "<group>";
		};
		F86DB6E31C7D7AA100235BFE /* FirstBloodTests */ = {
			isa = PBXGroup;
			children = (
				F86DB6E41C7D7AA100235BFE /* FirstBloodTests.swift */,
				F86DB6E61C7D7AA100235BFE /* Info.plist */,
			);
			path = FirstBloodTests;
			sourceTree = "<group>";
		};
		F86DB6EE1C7D7AA100235BFE /* FirstBloodUITests */ = {
			isa = PBXGroup;
			children = (
				F86DB6EF1C7D7AA100235BFE /* FirstBloodUITests.swift */,
				F86DB6F11C7D7AA100235BFE /* Info.plist */,
			);
			path = FirstBloodUITests;
			sourceTree = "<group>";
		};
		F8739D4B1C8045A900C4644E /* FirstBlood */ = {
			isa = PBXGroup;
			children = (
				F85CB5931C97CF9100B593DA /* KoreanViewController.swift */,
				F8739D4D1C8045A900C4644E /* AppDelegate.swift */,
				F8739D541C8045A900C4644E /* ViewController.swift */,
				F8739D511C8045A900C4644E /* Main.storyboard */,
				F8739D4E1C8045A900C4644E /* Assets.xcassets */,
				F8739D4F1C8045A900C4644E /* LaunchScreen.storyboard */,
				F8739D531C8045A900C4644E /* Info.plist */,
				F8F76CC11C82746B0057F4A4 /* MyPlayground.playground */,
				F8B4432B1C854AE1001BBC38 /* FindLoverVC.swift */,
				F8074E981C85D884009A812F /* GrilViewController.swift */,
				F8C601F51C85E73300D4D55C /* GrilVCExtension.swift */,
				F82FB51B1C867EF20096E0A6 /* ShowStarVC.swift */,
				F8A8E3231CA27DC400CD5E4F /* Animations */,
				F87BE4E81C9A801600F84CA1 /* Todo */,
				F8C115171C8721A700B46535 /* baricon */,
				F85A3DB31C97ADDC00EA9D04 /* icons */,
				F85A3D8C1C97AD0200EA9D04 /* jpg */,
			);
			path = FirstBlood;
			sourceTree = "<group>";
		};
		F87BE4E81C9A801600F84CA1 /* Todo */ = {
			isa = PBXGroup;
			children = (
				F87BE4E91C9A809000F84CA1 /* TodoModel.swift */,
				F87BE4EB1C9A828E00F84CA1 /* TodoViewController.swift */,
				F86F5ECE1C9BCD5E00473A3E /* TodoDetailViewController.swift */,
			);
			name = Todo;
			sourceTree = "<group>";
		};
		F8A8E3231CA27DC400CD5E4F /* Animations */ = {
			isa = PBXGroup;
			children = (
				F8A8E3241CA27DF500CD5E4F /* PositionViewController.swift */,
				F8F201FB1CACAB6500073AF2 /* OpacityViewController.swift */,
				F8FD3FD91CACDFE300FF086E /* ScaleViewController.swift */,
			);
			name = Animations;
			sourceTree = "<group>";
		};
		F8C115171C8721A700B46535 /* baricon */ = {
			isa = PBXGroup;
			children = (
				F8C115181C8721A700B46535 /* great_wall.png */,
				F8C115191C8721A700B46535 /* origami.png */,
				F8C1151A1C8721A700B46535 /* torii.png */,
			);
			path = baricon;
			sourceTree = "<group>";
		};
/* End PBXGroup section */

/* Begin PBXNativeTarget section */
		F86DB6CB1C7D7AA100235BFE /* FirstBlood */ = {
			isa = PBXNativeTarget;
			buildConfigurationList = F86DB6F41C7D7AA100235BFE /* Build configuration list for PBXNativeTarget "FirstBlood" */;
			buildPhases = (
				F86DB6C81C7D7AA100235BFE /* Sources */,
				F86DB6C91C7D7AA100235BFE /* Frameworks */,
				F86DB6CA1C7D7AA100235BFE /* Resources */,
			);
			buildRules = (
			);
			dependencies = (
			);
			name = FirstBlood;
			productName = FirstBlood;
			productReference = F86DB6CC1C7D7AA100235BFE /* 订单汇.app */;
			productType = "com.apple.product-type.application";
		};
		F86DB6DF1C7D7AA100235BFE /* FirstBloodTests */ = {
			isa = PBXNativeTarget;
			buildConfigurationList = F86DB6F71C7D7AA100235BFE /* Build configuration list for PBXNativeTarget "FirstBloodTests" */;
			buildPhases = (
				F86DB6DC1C7D7AA100235BFE /* Sources */,
				F86DB6DD1C7D7AA100235BFE /* Frameworks */,
				F86DB6DE1C7D7AA100235BFE /* Resources */,
			);
			buildRules = (
			);
			dependencies = (
				F86DB6E21C7D7AA100235BFE /* PBXTargetDependency */,
			);
			name = FirstBloodTests;
			productName = FirstBloodTests;
			productReference = F86DB6E01C7D7AA100235BFE /* FirstBloodTests.xctest */;
			productType = "com.apple.product-type.bundle.unit-test";
		};
		F86DB6EA1C7D7AA100235BFE /* FirstBloodUITests */ = {
			isa = PBXNativeTarget;
			buildConfigurationList = F86DB6FA1C7D7AA100235BFE /* Build configuration list for PBXNativeTarget "FirstBloodUITests" */;
			buildPhases = (
				F86DB6E71C7D7AA100235BFE /* Sources */,
				F86DB6E81C7D7AA100235BFE /* Frameworks */,
				F86DB6E91C7D7AA100235BFE /* Resources */,
			);
			buildRules = (
			);
			dependencies = (
				F86DB6ED1C7D7AA100235BFE /* PBXTargetDependency */,
			);
			name = FirstBloodUITests;
			productName = FirstBloodUITests;
			productReference = F86DB6EB1C7D7AA100235BFE /* FirstBloodUITests.xctest */;
			productType = "com.apple.product-type.bundle.ui-testing";
		};
/* End PBXNativeTarget section */

/* Begin PBXProject section */
		F86DB6C41C7D7AA100235BFE /* Project object */ = {
			isa = PBXProject;
			attributes = {
				LastSwiftUpdateCheck = 0720;
				LastUpgradeCheck = 0720;
				ORGANIZATIONNAME = TonyShmily;
				TargetAttributes = {
					F86DB6CB1C7D7AA100235BFE = {
						CreatedOnToolsVersion = 7.2.1;
						DevelopmentTeam = 6TECCFBQ3Q;
					};
					F86DB6DF1C7D7AA100235BFE = {
						CreatedOnToolsVersion = 7.2.1;
						DevelopmentTeam = 6TECCFBQ3Q;
						TestTargetID = F86DB6CB1C7D7AA100235BFE;
					};
					F86DB6EA1C7D7AA100235BFE = {
						CreatedOnToolsVersion = 7.2.1;
						DevelopmentTeam = 6TECCFBQ3Q;
						TestTargetID = F86DB6CB1C7D7AA100235BFE;
					};
				};
			};
			buildConfigurationList = F86DB6C71C7D7AA100235BFE /* Build configuration list for PBXProject "FirstBlood" */;
			compatibilityVersion = "Xcode 3.2";
			developmentRegion = English;
			hasScannedForEncodings = 0;
			knownRegions = (
				en,
				Base,
			);
			mainGroup = F86DB6C31C7D7AA100235BFE;
			productRefGroup = F86DB6CD1C7D7AA100235BFE /* Products */;
			projectDirPath = "";
			projectRoot = "";
			targets = (
				F86DB6CB1C7D7AA100235BFE /* FirstBlood */,
				F86DB6DF1C7D7AA100235BFE /* FirstBloodTests */,
				F86DB6EA1C7D7AA100235BFE /* FirstBloodUITests */,
			);
		};
/* End PBXProject section */

/* Begin PBXResourcesBuildPhase section */
		F86DB6CA1C7D7AA100235BFE /* Resources */ = {
			isa = PBXResourcesBuildPhase;
			buildActionMask = 2147483647;
			files = (
				F85A3DBD1C97ADDC00EA9D04 /* Twitter@2x.png in Resources */,
				F85A3DBE1C97ADDC00EA9D04 /* Weibo.png in Resources */,
				F85A3DAF1C97AD0200EA9D04 /* jay.jpg in Resources */,
				F85A3DA61C97AD0200EA9D04 /* 4.jpg in Resources */,
				F8C1151B1C8721A700B46535 /* great_wall.png in Resources */,
				F85A3DA41C97AD0200EA9D04 /* 2.jpg in Resources */,
				F8739D581C8045A900C4644E /* LaunchScreen.storyboard in Resources */,
				F85A3DB01C97AD0200EA9D04 /* jay2.jpg in Resources */,
				F85A3DAC1C97AD0200EA9D04 /* 950XL.jpg in Resources */,
				F85A3DA51C97AD0200EA9D04 /* 3.jpg in Resources */,
				F85A3DBC1C97ADDC00EA9D04 /* Twitter.png in Resources */,
				F85A3DAE1C97AD0200EA9D04 /* japanese.jpg in Resources */,
				F8739D571C8045A900C4644E /* Assets.xcassets in Resources */,
				F85A3DBB1C97ADDC00EA9D04 /* Facebook@2x.png in Resources */,
				F85A3DA21C97AD0200EA9D04 /* 11.jpg in Resources */,
				F85A3DAD1C97AD0200EA9D04 /* backgroup.png in Resources */,
				F85A3DA81C97AD0200EA9D04 /* 6.jpg in Resources */,
				F85A3DA91C97AD0200EA9D04 /* 7.jpg in Resources */,
				F8C1151D1C8721A700B46535 /* torii.png in Resources */,
				F85A3DB21C97AD0200EA9D04 /* surface.jpg in Resources */,
				F85A3DA01C97AD0200EA9D04 /* 1.jpg in Resources */,
				F8739D5A1C8045A900C4644E /* Info.plist in Resources */,
				F85A3DBA1C97ADDC00EA9D04 /* Facebook.png in Resources */,
				F8C1151C1C8721A700B46535 /* origami.png in Resources */,
				F85A3DA31C97AD0200EA9D04 /* 12.jpg in Resources */,
				F85A3DAB1C97AD0200EA9D04 /* 9.jpg in Resources */,
				F85A3DA71C97AD0200EA9D04 /* 5.jpg in Resources */,
				F85A3DA11C97AD0200EA9D04 /* 10.jpg in Resources */,
				F85A3DB11C97AD0200EA9D04 /* korean.jpg in Resources */,
				F85A3DAA1C97AD0200EA9D04 /* 8.jpg in Resources */,
				F8739D591C8045A900C4644E /* Main.storyboard in Resources */,
				F85A3DBF1C97ADDC00EA9D04 /* Weibo@2x.png in Resources */,
			);
			runOnlyForDeploymentPostprocessing = 0;
		};
		F86DB6DE1C7D7AA100235BFE /* Resources */ = {
			isa = PBXResourcesBuildPhase;
			buildActionMask = 2147483647;
			files = (
			);
			runOnlyForDeploymentPostprocessing = 0;
		};
		F86DB6E91C7D7AA100235BFE /* Resources */ = {
			isa = PBXResourcesBuildPhase;
			buildActionMask = 2147483647;
			files = (
			);
			runOnlyForDeploymentPostprocessing = 0;
		};
/* End PBXResourcesBuildPhase section */

/* Begin PBXSourcesBuildPhase section */
		F86DB6C81C7D7AA100235BFE /* Sources */ = {
			isa = PBXSourcesBuildPhase;
			buildActionMask = 2147483647;
			files = (
				F8FD3FDA1CACDFE300FF086E /* ScaleViewController.swift in Sources */,
				F8074E991C85D884009A812F /* GrilViewController.swift in Sources */,
				F86F5ECF1C9BCD5E00473A3E /* TodoDetailViewController.swift in Sources */,
				F87BE4EC1C9A828E00F84CA1 /* TodoViewController.swift in Sources */,
				F87BE4EA1C9A809000F84CA1 /* TodoModel.swift in Sources */,
				F8C601F61C85E73300D4D55C /* GrilVCExtension.swift in Sources */,
				F85CB5941C97CF9100B593DA /* KoreanViewController.swift in Sources */,
				F8F201FC1CACAB6500073AF2 /* OpacityViewController.swift in Sources */,
				F8A8E3251CA27DF500CD5E4F /* PositionViewController.swift in Sources */,
				F8739D5B1C8045A900C4644E /* ViewController.swift in Sources */,
				F8739D561C8045A900C4644E /* AppDelegate.swift in Sources */,
				F8B4432C1C854AE1001BBC38 /* FindLoverVC.swift in Sources */,
				F82FB51C1C867EF20096E0A6 /* ShowStarVC.swift in Sources */,
			);
			runOnlyForDeploymentPostprocessing = 0;
		};
		F86DB6DC1C7D7AA100235BFE /* Sources */ = {
			isa = PBXSourcesBuildPhase;
			buildActionMask = 2147483647;
			files = (
				F86DB6E51C7D7AA100235BFE /* FirstBloodTests.swift in Sources */,
			);
			runOnlyForDeploymentPostprocessing = 0;
		};
		F86DB6E71C7D7AA100235BFE /* Sources */ = {
			isa = PBXSourcesBuildPhase;
			buildActionMask = 2147483647;
			files = (
				F86DB6F01C7D7AA100235BFE /* FirstBloodUITests.swift in Sources */,
			);
			runOnlyForDeploymentPostprocessing = 0;
		};
/* End PBXSourcesBuildPhase section */

/* Begin PBXTargetDependency section */
		F86DB6E21C7D7AA100235BFE /* PBXTargetDependency */ = {
			isa = PBXTargetDependency;
			target = F86DB6CB1C7D7AA100235BFE /* FirstBlood */;
			targetProxy = F86DB6E11C7D7AA100235BFE /* PBXContainerItemProxy */;
		};
		F86DB6ED1C7D7AA100235BFE /* PBXTargetDependency */ = {
			isa = PBXTargetDependency;
			target = F86DB6CB1C7D7AA100235BFE /* FirstBlood */;
			targetProxy = F86DB6EC1C7D7AA100235BFE /* PBXContainerItemProxy */;
		};
/* End PBXTargetDependency section */

/* Begin PBXVariantGroup section */
		F8739D4F1C8045A900C4644E /* LaunchScreen.storyboard */ = {
			isa = PBXVariantGroup;
			children = (
				F8739D501C8045A900C4644E /* Base */,
			);
			name = LaunchScreen.storyboard;
			sourceTree = "<group>";
		};
		F8739D511C8045A900C4644E /* Main.storyboard */ = {
			isa = PBXVariantGroup;
			children = (
				F8739D521C8045A900C4644E /* Base */,
			);
			name = Main.storyboard;
			sourceTree = "<group>";
		};
/* End PBXVariantGroup section */

/* Begin XCBuildConfiguration section */
		F86DB6F21C7D7AA100235BFE /* Debug */ = {
			isa = XCBuildConfiguration;
			buildSettings = {
				ALWAYS_SEARCH_USER_PATHS = NO;
				CLANG_CXX_LANGUAGE_STANDARD = "gnu++0x";
				CLANG_CXX_LIBRARY = "libc++";
				CLANG_ENABLE_MODULES = YES;
				CLANG_ENABLE_OBJC_ARC = YES;
				CLANG_WARN_BOOL_CONVERSION = YES;
				CLANG_WARN_CONSTANT_CONVERSION = YES;
				CLANG_WARN_DIRECT_OBJC_ISA_USAGE = YES_ERROR;
				CLANG_WARN_EMPTY_BODY = YES;
				CLANG_WARN_ENUM_CONVERSION = YES;
				CLANG_WARN_INT_CONVERSION = YES;
				CLANG_WARN_OBJC_ROOT_CLASS = YES_ERROR;
				CLANG_WARN_UNREACHABLE_CODE = YES;
				CLANG_WARN__DUPLICATE_METHOD_MATCH = YES;
				"CODE_SIGN_IDENTITY[sdk=iphoneos*]" = "iPhone Developer";
				COPY_PHASE_STRIP = NO;
				DEBUG_INFORMATION_FORMAT = dwarf;
				ENABLE_STRICT_OBJC_MSGSEND = YES;
				ENABLE_TESTABILITY = YES;
				GCC_C_LANGUAGE_STANDARD = gnu99;
				GCC_DYNAMIC_NO_PIC = NO;
				GCC_NO_COMMON_BLOCKS = YES;
				GCC_OPTIMIZATION_LEVEL = 0;
				GCC_PREPROCESSOR_DEFINITIONS = (
					"DEBUG=1",
					"$(inherited)",
				);
				GCC_WARN_64_TO_32_BIT_CONVERSION = YES;
				GCC_WARN_ABOUT_RETURN_TYPE = YES_ERROR;
				GCC_WARN_UNDECLARED_SELECTOR = YES;
				GCC_WARN_UNINITIALIZED_AUTOS = YES_AGGRESSIVE;
				GCC_WARN_UNUSED_FUNCTION = YES;
				GCC_WARN_UNUSED_VARIABLE = YES;
				IPHONEOS_DEPLOYMENT_TARGET = 9.2;
				MTL_ENABLE_DEBUG_INFO = YES;
				ONLY_ACTIVE_ARCH = YES;
				SDKROOT = iphoneos;
				SWIFT_OPTIMIZATION_LEVEL = "-Onone";
			};
			name = Debug;
		};
		F86DB6F31C7D7AA100235BFE /* Release */ = {
			isa = XCBuildConfiguration;
			buildSettings = {
				ALWAYS_SEARCH_USER_PATHS = NO;
				CLANG_CXX_LANGUAGE_STANDARD = "gnu++0x";
				CLANG_CXX_LIBRARY = "libc++";
				CLANG_ENABLE_MODULES = YES;
				CLANG_ENABLE_OBJC_ARC = YES;
				CLANG_WARN_BOOL_CONVERSION = YES;
				CLANG_WARN_CONSTANT_CONVERSION = YES;
				CLANG_WARN_DIRECT_OBJC_ISA_USAGE = YES_ERROR;
				CLANG_WARN_EMPTY_BODY = YES;
				CLANG_WARN_ENUM_CONVERSION = YES;
				CLANG_WARN_INT_CONVERSION = YES;
				CLANG_WARN_OBJC_ROOT_CLASS = YES_ERROR;
				CLANG_WARN_UNREACHABLE_CODE = YES;
				CLANG_WARN__DUPLICATE_METHOD_MATCH = YES;
				"CODE_SIGN_IDENTITY[sdk=iphoneos*]" = "iPhone Developer";
				COPY_PHASE_STRIP = NO;
				DEBUG_INFORMATION_FORMAT = "dwarf-with-dsym";
				ENABLE_NS_ASSERTIONS = NO;
				ENABLE_STRICT_OBJC_MSGSEND = YES;
				GCC_C_LANGUAGE_STANDARD = gnu99;
				GCC_NO_COMMON_BLOCKS = YES;
				GCC_WARN_64_TO_32_BIT_CONVERSION = YES;
				GCC_WARN_ABOUT_RETURN_TYPE = YES_ERROR;
				GCC_WARN_UNDECLARED_SELECTOR = YES;
				GCC_WARN_UNINITIALIZED_AUTOS = YES_AGGRESSIVE;
				GCC_WARN_UNUSED_FUNCTION = YES;
				GCC_WARN_UNUSED_VARIABLE = YES;
				IPHONEOS_DEPLOYMENT_TARGET = 9.2;
				MTL_ENABLE_DEBUG_INFO = NO;
				SDKROOT = iphoneos;
				VALIDATE_PRODUCT = YES;
			};
			name = Release;
		};
		F86DB6F51C7D7AA100235BFE /* Debug */ = {
			isa = XCBuildConfiguration;
			buildSettings = {
				ASSETCATALOG_COMPILER_APPICON_NAME = AppIcon;
				INFOPLIST_FILE = FirstBlood/Info.plist;
				LD_RUNPATH_SEARCH_PATHS = "$(inherited) @executable_path/Frameworks";
				PRODUCT_BUNDLE_IDENTIFIER = com.TonyShmily.FirstBlood;
				PRODUCT_NAME = "订单汇";
			};
			name = Debug;
		};
		F86DB6F61C7D7AA100235BFE /* Release */ = {
			isa = XCBuildConfiguration;
			buildSettings = {
				ASSETCATALOG_COMPILER_APPICON_NAME = AppIcon;
				INFOPLIST_FILE = FirstBlood/Info.plist;
				LD_RUNPATH_SEARCH_PATHS = "$(inherited) @executable_path/Frameworks";
				PRODUCT_BUNDLE_IDENTIFIER = com.TonyShmily.FirstBlood;
				PRODUCT_NAME = "订单汇";
			};
			name = Release;
		};
		F86DB6F81C7D7AA100235BFE /* Debug */ = {
			isa = XCBuildConfiguration;
			buildSettings = {
				BUNDLE_LOADER = "$(TEST_HOST)";
				INFOPLIST_FILE = FirstBloodTests/Info.plist;
				LD_RUNPATH_SEARCH_PATHS = "$(inherited) @executable_path/Frameworks @loader_path/Frameworks";
				PRODUCT_BUNDLE_IDENTIFIER = com.TonyShmily.FirstBloodTests;
				PRODUCT_NAME = "$(TARGET_NAME)";
				TEST_HOST = "$(BUILT_PRODUCTS_DIR)/FirstBlood.app/FirstBlood";
			};
			name = Debug;
		};
		F86DB6F91C7D7AA100235BFE /* Release */ = {
			isa = XCBuildConfiguration;
			buildSettings = {
				BUNDLE_LOADER = "$(TEST_HOST)";
				INFOPLIST_FILE = FirstBloodTests/Info.plist;
				LD_RUNPATH_SEARCH_PATHS = "$(inherited) @executable_path/Frameworks @loader_path/Frameworks";
				PRODUCT_BUNDLE_IDENTIFIER = com.TonyShmily.FirstBloodTests;
				PRODUCT_NAME = "$(TARGET_NAME)";
				TEST_HOST = "$(BUILT_PRODUCTS_DIR)/FirstBlood.app/FirstBlood";
			};
			name = Release;
		};
		F86DB6FB1C7D7AA100235BFE /* Debug */ = {
			isa = XCBuildConfiguration;
			buildSettings = {
				INFOPLIST_FILE = FirstBloodUITests/Info.plist;
				LD_RUNPATH_SEARCH_PATHS = "$(inherited) @executable_path/Frameworks @loader_path/Frameworks";
				PRODUCT_BUNDLE_IDENTIFIER = com.TonyShmily.FirstBloodUITests;
				PRODUCT_NAME = "$(TARGET_NAME)";
				TEST_TARGET_NAME = FirstBlood;
				USES_XCTRUNNER = YES;
			};
			name = Debug;
		};
		F86DB6FC1C7D7AA100235BFE /* Release */ = {
			isa = XCBuildConfiguration;
			buildSettings = {
				INFOPLIST_FILE = FirstBloodUITests/Info.plist;
				LD_RUNPATH_SEARCH_PATHS = "$(inherited) @executable_path/Frameworks @loader_path/Frameworks";
				PRODUCT_BUNDLE_IDENTIFIER = com.TonyShmily.FirstBloodUITests;
				PRODUCT_NAME = "$(TARGET_NAME)";
				TEST_TARGET_NAME = FirstBlood;
				USES_XCTRUNNER = YES;
			};
			name = Release;
		};
/* End XCBuildConfiguration section */

/* Begin XCConfigurationList section */
		F86DB6C71C7D7AA100235BFE /* Build configuration list for PBXProject "FirstBlood" */ = {
			isa = XCConfigurationList;
			buildConfigurations = (
				F86DB6F21C7D7AA100235BFE /* Debug */,
				F86DB6F31C7D7AA100235BFE /* Release */,
			);
			defaultConfigurationIsVisible = 0;
			defaultConfigurationName = Release;
		};
		F86DB6F41C7D7AA100235BFE /* Build configuration list for PBXNativeTarget "FirstBlood" */ = {
			isa = XCConfigurationList;
			buildConfigurations = (
				F86DB6F51C7D7AA100235BFE /* Debug */,
				F86DB6F61C7D7AA100235BFE /* Release */,
			);
			defaultConfigurationIsVisible = 0;
			defaultConfigurationName = Release;
		};
		F86DB6F71C7D7AA100235BFE /* Build configuration list for PBXNativeTarget "FirstBloodTests" */ = {
			isa = XCConfigurationList;
			buildConfigurations = (
				F86DB6F81C7D7AA100235BFE /* Debug */,
				F86DB6F91C7D7AA100235BFE /* Release */,
			);
			defaultConfigurationIsVisible = 0;
			defaultConfigurationName = Release;
		};
		F86DB6FA1C7D7AA100235BFE /* Build configuration list for PBXNativeTarget "FirstBloodUITests" */ = {
			isa = XCConfigurationList;
			buildConfigurations = (
				F86DB6FB1C7D7AA100235BFE /* Debug */,
				F86DB6FC1C7D7AA100235BFE /* Release */,
			);
			defaultConfigurationIsVisible = 0;
			defaultConfigurationName = Release;
		};
/* End XCConfigurationList section */
	};
	rootObject = F86DB6C41C7D7AA100235BFE /* Project object */;
}
